{
  "name": "simplejs",
  "version": "0.1.0",
  "lockfileVersion": 3,
  "requires": true,
  "packages": {
    "": {
      "name": "simplejs",
      "version": "0.1.0",
      "dependencies": {
        "@simplejs/compiler": "file:../compiler"
      },
      "bin": {
        "simplejs": "bin/simplejs.js"
      }
    },
    "../compiler": {
      "name": "@simplejs/compiler",
      "version": "0.1.0"
    },
    "node_modules/@simplejs/compiler": {
      "resolved": "../compiler",
      "link": true
    }
  }
}
